
Microsoft Visual Studio Solution File, Format Version 12.00
# Visual Studio Version 16
VisualStudioVersion = 16.0.31112.23
MinimumVisualStudioVersion = 10.0.40219.1
Project("{FAE04EC0-301F-11D3-BF4B-00C04F79EFBC}") = "NetCoreModelBinder.ConsoleApp", "NetCoreModelBinder.ConsoleApp\NetCoreModelBinder.ConsoleApp.csproj", "{8907C903-E211-4A11-B809-A5A1CA39BA06}"
EndProject
Project("{FAE04EC0-301F-11D3-BF4B-00C04F79EFBC}") = "NetCoreModelBinder.DTO", "NetCoreModelBinder.DTO\NetCoreModelBinder.DTO.csproj", "{ED65EA3D-00B2-4F0B-93F4-08A7FE7E5E8A}"
EndProject
Global
	GlobalSection(SolutionConfigurationPlatforms) = preSolution
		Debug|Any CPU = Debug|Any CPU
		Release|Any CPU = Release|Any CPU
	EndGlobalSection
	GlobalSection(ProjectConfigurationPlatforms) = postSolution
		{8907C903-E211-4A11-B809-A5A1CA39BA06}.Debug|Any CPU.ActiveCfg = Debug|Any CPU
		{8907C903-E211-4A11-B809-A5A1CA39BA06}.Debug|Any CPU.Build.0 = Debug|Any CPU
		{8907C903-E211-4A11-B809-A5A1CA39BA06}.Release|Any CPU.ActiveCfg = Release|Any CPU
		{8907C903-E211-4A11-B809-A5A1CA39BA06}.Release|Any CPU.Build.0 = Release|Any CPU
		{ED65EA3D-00B2-4F0B-93F4-08A7FE7E5E8A}.Debug|Any CPU.ActiveCfg = Debug|Any CPU
		{ED65EA3D-00B2-4F0B-93F4-08A7FE7E5E8A}.Debug|Any CPU.Build.0 = Debug|Any CPU
		{ED65EA3D-00B2-4F0B-93F4-08A7FE7E5E8A}.Release|Any CPU.ActiveCfg = Release|Any CPU
		{ED65EA3D-00B2-4F0B-93F4-08A7FE7E5E8A}.Release|Any CPU.Build.0 = Release|Any CPU
	EndGlobalSection
	GlobalSection(SolutionProperties) = preSolution
		HideSolutionNode = FALSE
	EndGlobalSection
	GlobalSection(ExtensibilityGlobals) = postSolution
		SolutionGuid = {2A6889C2-9862-48B7-B9C9-89D5FA46423D}
	EndGlobalSection
EndGlobal
